
Microsoft Visual Studio Solution File, Format Version 12.00
# Visual Studio Version 17
VisualStudioVersion = 17.11.35222.181
MinimumVisualStudioVersion = 10.0.40219.1
Project("{FAE04EC0-301F-11D3-BF4B-00C04F79EFBC}") = "ControlsListBox", "ControlsListBox\ControlsListBox.csproj", "{1B11B956-C1FF-45E3-9EB0-C048C9F10772}"
EndProject
Global
	GlobalSection(SolutionConfigurationPlatforms) = preSolution
		Debug|Any CPU = Debug|Any CPU
		Release|Any CPU = Release|Any CPU
	EndGlobalSection
	GlobalSection(ProjectConfigurationPlatforms) = postSolution
		{1B11B956-C1FF-45E3-9EB0-C048C9F10772}.Debug|Any CPU.ActiveCfg = Debug|Any CPU
		{1B11B956-C1FF-45E3-9EB0-C048C9F10772}.Debug|Any CPU.Build.0 = Debug|Any CPU
		{1B11B956-C1FF-45E3-9EB0-C048C9F10772}.Release|Any CPU.ActiveCfg = Release|Any CPU
		{1B11B956-C1FF-45E3-9EB0-C048C9F10772}.Release|Any CPU.Build.0 = Release|Any CPU
	EndGlobalSection
	GlobalSection(SolutionProperties) = preSolution
		HideSolutionNode = FALSE
	EndGlobalSection
	GlobalSection(ExtensibilityGlobals) = postSolution
		SolutionGuid = {8DA05AA3-5DA8-4A61-B2A9-DDB81BA9A6F5}
	EndGlobalSection
EndGlobal
